
Microsoft Visual Studio Solution File, Format Version 12.00
# Visual Studio 2013
VisualStudioVersion = 12.0.21005.1
MinimumVisualStudioVersion = 10.0.40219.1
Project("{FAE04EC0-301F-11D3-BF4B-00C04F79EFBC}") = "Gfycat", "Gfycat\Gfycat.csproj", "{F9CA72E9-2CE7-467E-A62A-8DAE8284DD61}"
EndProject
Project("{FAE04EC0-301F-11D3-BF4B-00C04F79EFBC}") = "Gfycat.Console", "Gfycat.Console\Gfycat.Console.csproj", "{7B661002-FD5A-42EA-BB15-A88C98B71412}"
EndProject
Project("{2150E333-8FDC-42A3-9474-1A3956D46DE8}") = ".nuget", ".nuget", "{DBA97831-A041-4C36-992F-ECEE35B894F2}"
	ProjectSection(SolutionItems) = preProject
		.nuget\NuGet.Config = .nuget\NuGet.Config
		.nuget\NuGet.exe = .nuget\NuGet.exe
		.nuget\NuGet.targets = .nuget\NuGet.targets
	EndProjectSection
EndProject
Global
	GlobalSection(SolutionConfigurationPlatforms) = preSolution
		Debug|Any CPU = Debug|Any CPU
		Release|Any CPU = Release|Any CPU
	EndGlobalSection
	GlobalSection(ProjectConfigurationPlatforms) = postSolution
		{F9CA72E9-2CE7-467E-A62A-8DAE8284DD61}.Debug|Any CPU.ActiveCfg = Debug|Any CPU
		{F9CA72E9-2CE7-467E-A62A-8DAE8284DD61}.Debug|Any CPU.Build.0 = Debug|Any CPU
		{F9CA72E9-2CE7-467E-A62A-8DAE8284DD61}.Release|Any CPU.ActiveCfg = Release|Any CPU
		{F9CA72E9-2CE7-467E-A62A-8DAE8284DD61}.Release|Any CPU.Build.0 = Release|Any CPU
		{7B661002-FD5A-42EA-BB15-A88C98B71412}.Debug|Any CPU.ActiveCfg = Debug|Any CPU
		{7B661002-FD5A-42EA-BB15-A88C98B71412}.Debug|Any CPU.Build.0 = Debug|Any CPU
		{7B661002-FD5A-42EA-BB15-A88C98B71412}.Release|Any CPU.ActiveCfg = Release|Any CPU
		{7B661002-FD5A-42EA-BB15-A88C98B71412}.Release|Any CPU.Build.0 = Release|Any CPU
	EndGlobalSection
	GlobalSection(SolutionProperties) = preSolution
		HideSolutionNode = FALSE
	EndGlobalSection
EndGlobal
